Microsoft Visual Studio Solution File, Format Version 12.00
# Visual Studio Version 17
VisualStudioVersion = 17.0.31903.59
MinimumVisualStudioVersion = 10.0.40219.1
Project("{2150E333-8FDC-42A3-9474-1A3956D46DE8}") = "Extensions", "Extensions", "{1A026ED6-59F7-4297-AE5C-A3439FE88D0D}"
EndProject
Project("{2150E333-8FDC-42A3-9474-1A3956D46DE8}") = "Plugins", "Plugins", "{0CB78D52-C77E-4D6B-9063-18B1EF52EA50}"
EndProject
Project("{2150E333-8FDC-42A3-9474-1A3956D46DE8}") = "Services", "Services", "{91A27E12-9845-4DD4-AB34-6FA3531E2734}"
EndProject
Project("{2150E333-8FDC-42A3-9474-1A3956D46DE8}") = "Zonit.Extensions", "Zonit.Extensions", "{B011882E-6603-4929-B8A0-70E86E68B17D}"
	ProjectSection(SolutionItems) = preProject
		Source\Extensions\Zonit.Extensions\Readme.md = Source\Extensions\Zonit.Extensions\Readme.md
		Source\Extensions\Zonit.Extensions\LICENSE.txt = Source\Extensions\Zonit.Extensions\LICENSE.txt
		Source\Extensions\Zonit.Extensions\.gitignore = Source\Extensions\Zonit.Extensions\.gitignore
		Source\Extensions\Zonit.Extensions\.gitattributes = Source\Extensions\Zonit.Extensions\.gitattributes
		Source\Extensions\Zonit.Extensions\LICENSE.txt = Source\Extensions\Zonit.Extensions\LICENSE.txt
	EndProjectSection
EndProject
Project("{2150E333-8FDC-42A3-9474-1A3956D46DE8}") = "Zonit.Extensions.Ai", "Zonit.Extensions.Ai", "{5016AC64-134C-4B58-B249-62CAE76E75A0}"
	ProjectSection(SolutionItems) = preProject
		Source\Extensions\Zonit.Extensions.Ai\Readme.md = Source\Extensions\Zonit.Extensions.Ai\Readme.md
		Source\Extensions\Zonit.Extensions.Ai\LICENSE.txt = Source\Extensions\Zonit.Extensions.Ai\LICENSE.txt
		Source\Extensions\Zonit.Extensions.Ai\.gitignore = Source\Extensions\Zonit.Extensions.Ai\.gitignore
		Source\Extensions\Zonit.Extensions.Ai\.gitattributes = Source\Extensions\Zonit.Extensions.Ai\.gitattributes
		Source\Extensions\Zonit.Extensions.Ai\Directory.Packages.props = Source\Extensions\Zonit.Extensions.Ai\Directory.Packages.props
		Source\Extensions\Zonit.Extensions.Ai\LICENSE.txt = Source\Extensions\Zonit.Extensions.Ai\LICENSE.txt
	EndProjectSection
EndProject
Project("{2150E333-8FDC-42A3-9474-1A3956D46DE8}") = "Zonit.Extensions.Cultures", "Zonit.Extensions.Cultures", "{09331D18-1D75-4DCF-B0C0-911F9FDDA6DC}"
	ProjectSection(SolutionItems) = preProject
		Source\Extensions\Zonit.Extensions.Cultures\Readme.md = Source\Extensions\Zonit.Extensions.Cultures\Readme.md
		Source\Extensions\Zonit.Extensions.Cultures\.gitignore = Source\Extensions\Zonit.Extensions.Cultures\.gitignore
		Source\Extensions\Zonit.Extensions.Cultures\.gitattributes = Source\Extensions\Zonit.Extensions.Cultures\.gitattributes
	EndProjectSection
EndProject
Project("{2150E333-8FDC-42A3-9474-1A3956D46DE8}") = "Zonit.Extensions.Databases", "Zonit.Extensions.Databases", "{0EC399E3-A157-454A-8AEB-17BA41EA6EFB}"
	ProjectSection(SolutionItems) = preProject
		Source\Extensions\Zonit.Extensions.Databases\Readme.md = Source\Extensions\Zonit.Extensions.Databases\Readme.md
		Source\Extensions\Zonit.Extensions.Databases\.gitignore = Source\Extensions\Zonit.Extensions.Databases\.gitignore
		Source\Extensions\Zonit.Extensions.Databases\.gitattributes = Source\Extensions\Zonit.Extensions.Databases\.gitattributes
	EndProjectSection
EndProject
Project("{2150E333-8FDC-42A3-9474-1A3956D46DE8}") = "Zonit.Extensions.Identity", "Zonit.Extensions.Identity", "{F0A70E5B-E394-4877-BB3E-20E47A3FD16B}"
	ProjectSection(SolutionItems) = preProject
		Source\Extensions\Zonit.Extensions.Identity\Readme.md = Source\Extensions\Zonit.Extensions.Identity\Readme.md
		Source\Extensions\Zonit.Extensions.Identity\.gitignore = Source\Extensions\Zonit.Extensions.Identity\.gitignore
		Source\Extensions\Zonit.Extensions.Identity\.gitattributes = Source\Extensions\Zonit.Extensions.Identity\.gitattributes
	EndProjectSection
EndProject
Project("{2150E333-8FDC-42A3-9474-1A3956D46DE8}") = "Zonit.Extensions.Organizations", "Zonit.Extensions.Organizations", "{A6ACDB08-3E1E-4923-BC13-01C02131972B}"
	ProjectSection(SolutionItems) = preProject
		Source\Extensions\Zonit.Extensions.Organizations\Readme.md = Source\Extensions\Zonit.Extensions.Organizations\Readme.md
		Source\Extensions\Zonit.Extensions.Organizations\.gitignore = Source\Extensions\Zonit.Extensions.Organizations\.gitignore
		Source\Extensions\Zonit.Extensions.Organizations\.gitattributes = Source\Extensions\Zonit.Extensions.Organizations\.gitattributes
	EndProjectSection
EndProject
Project("{2150E333-8FDC-42A3-9474-1A3956D46DE8}") = "Zonit.Extensions.Projects", "Zonit.Extensions.Projects", "{024CB391-710F-4930-B293-6B5470B3FD88}"
	ProjectSection(SolutionItems) = preProject
		Source\Extensions\Zonit.Extensions.Projects\Readme.md = Source\Extensions\Zonit.Extensions.Projects\Readme.md
		Source\Extensions\Zonit.Extensions.Projects\.gitignore = Source\Extensions\Zonit.Extensions.Projects\.gitignore
		Source\Extensions\Zonit.Extensions.Projects\.gitattributes = Source\Extensions\Zonit.Extensions.Projects\.gitattributes
	EndProjectSection
EndProject
Project("{2150E333-8FDC-42A3-9474-1A3956D46DE8}") = "Zonit.Extensions.Tenants", "Zonit.Extensions.Tenants", "{8863BA87-A776-487B-BBD0-1951D0B80C21}"
	ProjectSection(SolutionItems) = preProject
		Source\Extensions\Zonit.Extensions.Tenants\Readme.md = Source\Extensions\Zonit.Extensions.Tenants\Readme.md
		Source\Extensions\Zonit.Extensions.Tenants\LICENSE.txt = Source\Extensions\Zonit.Extensions.Tenants\LICENSE.txt
		Source\Extensions\Zonit.Extensions.Tenants\.gitignore = Source\Extensions\Zonit.Extensions.Tenants\.gitignore
		Source\Extensions\Zonit.Extensions.Tenants\.gitattributes = Source\Extensions\Zonit.Extensions.Tenants\.gitattributes
		Source\Extensions\Zonit.Extensions.Tenants\LICENSE.txt = Source\Extensions\Zonit.Extensions.Tenants\LICENSE.txt
	EndProjectSection
EndProject
Project("{2150E333-8FDC-42A3-9474-1A3956D46DE8}") = "Zonit.Plugins", "Zonit.Plugins", "{7FEEA9E7-C06A-40F5-86E3-02C1F62D6B54}"
	ProjectSection(SolutionItems) = preProject
		Source\Plugins\Zonit.Plugins\Readme.md = Source\Plugins\Zonit.Plugins\Readme.md
		Source\Plugins\Zonit.Plugins\LICENSE.txt = Source\Plugins\Zonit.Plugins\LICENSE.txt
		Source\Plugins\Zonit.Plugins\.gitignore = Source\Plugins\Zonit.Plugins\.gitignore
		Source\Plugins\Zonit.Plugins\.gitattributes = Source\Plugins\Zonit.Plugins\.gitattributes
		Source\Plugins\Zonit.Plugins\LICENSE.txt = Source\Plugins\Zonit.Plugins\LICENSE.txt
	EndProjectSection
EndProject
Project("{2150E333-8FDC-42A3-9474-1A3956D46DE8}") = "Zonit.Services.Dashboard", "Zonit.Services.Dashboard", "{E3616E2C-B5C9-4435-B50B-E15707D19198}"
	ProjectSection(SolutionItems) = preProject
		Source\Services\Zonit.Services.Dashboard\Readme.md = Source\Services\Zonit.Services.Dashboard\Readme.md
		Source\Services\Zonit.Services.Dashboard\.gitignore = Source\Services\Zonit.Services.Dashboard\.gitignore
		Source\Services\Zonit.Services.Dashboard\.gitattributes = Source\Services\Zonit.Services.Dashboard\.gitattributes
	EndProjectSection
EndProject
Project("{2150E333-8FDC-42A3-9474-1A3956D46DE8}") = "Zonit.Services.EventMessage", "Zonit.Services.EventMessage", "{F7FB306B-E986-47B0-A47E-9F021E0C74AD}"
	ProjectSection(SolutionItems) = preProject
		Source\Services\Zonit.Services.EventMessage\Readme.md = Source\Services\Zonit.Services.EventMessage\Readme.md
		Source\Services\Zonit.Services.EventMessage\.gitignore = Source\Services\Zonit.Services.EventMessage\.gitignore
		Source\Services\Zonit.Services.EventMessage\.gitattributes = Source\Services\Zonit.Services.EventMessage\.gitattributes
	EndProjectSection
EndProject
Project("{2150E333-8FDC-42A3-9474-1A3956D46DE8}") = "Example", "Example", "{1A5CCA23-948E-41F3-83A1-62727029C915}"
EndProject
Project("{2150E333-8FDC-42A3-9474-1A3956D46DE8}") = "Source", "Source", "{DE42C320-ED82-4863-BC67-546B9C82AA55}"
	ProjectSection(SolutionItems) = preProject
		Source\Extensions\Zonit.Extensions\Source\Directory.Packages.props = Source\Extensions\Zonit.Extensions\Source\Directory.Packages.props
	EndProjectSection
EndProject
Project("{2150E333-8FDC-42A3-9474-1A3956D46DE8}") = "Tools", "Tools", "{BF56E844-2959-41BB-817B-6BF563CD7BFA}"
EndProject
Project("{2150E333-8FDC-42A3-9474-1A3956D46DE8}") = "Example", "Example", "{53CB6271-C4D7-4950-B8D3-56102F7DFD56}"
EndProject
Project("{2150E333-8FDC-42A3-9474-1A3956D46DE8}") = "Source", "Source", "{34E9A270-9A0F-4B46-8EC5-8EFF5B779EE1}"
EndProject
Project("{2150E333-8FDC-42A3-9474-1A3956D46DE8}") = "Tools", "Tools", "{D1A280F9-6B03-4899-8857-9321487E7B9C}"
EndProject
Project("{2150E333-8FDC-42A3-9474-1A3956D46DE8}") = "Source", "Source", "{97B3429B-1E60-4FFD-AA18-284B7A445077}"
	ProjectSection(SolutionItems) = preProject
		Source\Extensions\Zonit.Extensions.Cultures\Source\Directory.Packages.props = Source\Extensions\Zonit.Extensions.Cultures\Source\Directory.Packages.props
	EndProjectSection
EndProject
Project("{2150E333-8FDC-42A3-9474-1A3956D46DE8}") = "Tools", "Tools", "{7F5BC6DC-1F1B-44F2-8747-0526B6EE6DB6}"
EndProject
Project("{2150E333-8FDC-42A3-9474-1A3956D46DE8}") = "Example", "Example", "{565A1ACB-7BBB-4257-9B71-06CE26EFC70C}"
EndProject
Project("{2150E333-8FDC-42A3-9474-1A3956D46DE8}") = "Source", "Source", "{A5771C9E-6131-4525-8DCB-AAF072E653A5}"
	ProjectSection(SolutionItems) = preProject
		Source\Extensions\Zonit.Extensions.Databases\Source\Directory.Packages.props = Source\Extensions\Zonit.Extensions.Databases\Source\Directory.Packages.props
	EndProjectSection
EndProject
Project("{2150E333-8FDC-42A3-9474-1A3956D46DE8}") = "Source", "Source", "{621CB244-AA88-4E0F-BB24-845B374CDFA6}"
	ProjectSection(SolutionItems) = preProject
		Source\Extensions\Zonit.Extensions.Identity\Source\Directory.Packages.props = Source\Extensions\Zonit.Extensions.Identity\Source\Directory.Packages.props
	EndProjectSection
EndProject
Project("{2150E333-8FDC-42A3-9474-1A3956D46DE8}") = "Tools", "Tools", "{4948D601-A600-46C6-89DA-760120E13740}"
EndProject
Project("{2150E333-8FDC-42A3-9474-1A3956D46DE8}") = "Source", "Source", "{0C2E080A-5B17-4800-991D-CCA779F26BC9}"
	ProjectSection(SolutionItems) = preProject
		Source\Extensions\Zonit.Extensions.Organizations\Source\Directory.Packages.props = Source\Extensions\Zonit.Extensions.Organizations\Source\Directory.Packages.props
	EndProjectSection
EndProject
Project("{2150E333-8FDC-42A3-9474-1A3956D46DE8}") = "Tools", "Tools", "{863AB565-C83F-4913-AB26-CC03BFBA3AFB}"
EndProject
Project("{2150E333-8FDC-42A3-9474-1A3956D46DE8}") = "Source", "Source", "{455C8A11-B7C7-4B90-906B-7069C87E50E7}"
	ProjectSection(SolutionItems) = preProject
		Source\Extensions\Zonit.Extensions.Projects\Source\Directory.Packages.props = Source\Extensions\Zonit.Extensions.Projects\Source\Directory.Packages.props
	EndProjectSection
EndProject
Project("{2150E333-8FDC-42A3-9474-1A3956D46DE8}") = "Tools", "Tools", "{AC894D08-4959-454E-8AAA-E672FDC1A7E2}"
EndProject
Project("{2150E333-8FDC-42A3-9474-1A3956D46DE8}") = "Example", "Example", "{8522AF30-ACFC-4F5A-8735-265CAD8455D6}"
EndProject
Project("{2150E333-8FDC-42A3-9474-1A3956D46DE8}") = "Source", "Source", "{8BBD4FD8-75EC-44FE-BE3D-858C5104A3A2}"
	ProjectSection(SolutionItems) = preProject
		Source\Extensions\Zonit.Extensions.Tenants\Source\Directory.Packages.props = Source\Extensions\Zonit.Extensions.Tenants\Source\Directory.Packages.props
	EndProjectSection
EndProject
Project("{2150E333-8FDC-42A3-9474-1A3956D46DE8}") = "Tools", "Tools", "{882F08F0-DACF-4749-8D86-660CC32C8B83}"
EndProject
Project("{2150E333-8FDC-42A3-9474-1A3956D46DE8}") = "Source", "Source", "{E44B0AFC-615A-4C05-AC91-DC794B138D3A}"
	ProjectSection(SolutionItems) = preProject
		Source\Plugins\Zonit.Plugins\Source\Directory.Packages.props = Source\Plugins\Zonit.Plugins\Source\Directory.Packages.props
	EndProjectSection
EndProject
Project("{2150E333-8FDC-42A3-9474-1A3956D46DE8}") = "Tools", "Tools", "{A13452EB-106C-4B68-9F53-3B1380DAACE0}"
EndProject
Project("{2150E333-8FDC-42A3-9474-1A3956D46DE8}") = "Example", "Example", "{25ADA7E3-6861-4793-AEE1-22D10F31A1A3}"
	ProjectSection(SolutionItems) = preProject
		Source\Services\Zonit.Services.Dashboard\Example\Directory.Packages.props = Source\Services\Zonit.Services.Dashboard\Example\Directory.Packages.props
	EndProjectSection
EndProject
Project("{2150E333-8FDC-42A3-9474-1A3956D46DE8}") = "Source", "Source", "{2E5652EE-FC9D-4A1B-88D7-7823B318AAF7}"
	ProjectSection(SolutionItems) = preProject
		Source\Services\Zonit.Services.Dashboard\Source\Directory.Packages.props = Source\Services\Zonit.Services.Dashboard\Source\Directory.Packages.props
	EndProjectSection
EndProject
Project("{2150E333-8FDC-42A3-9474-1A3956D46DE8}") = "Tools", "Tools", "{D2FBF4E7-159F-407E-B61E-19336356C7F4}"
EndProject
Project("{2150E333-8FDC-42A3-9474-1A3956D46DE8}") = "Example", "Example", "{BAD43F10-350F-4A63-974B-6B1D01B82623}"
EndProject
Project("{2150E333-8FDC-42A3-9474-1A3956D46DE8}") = "Source", "Source", "{9A819970-C0A0-478F-BB1A-0714AF80E2D8}"
	ProjectSection(SolutionItems) = preProject
		Source\Services\Zonit.Services.EventMessage\Source\Directory.Packages.props = Source\Services\Zonit.Services.EventMessage\Source\Directory.Packages.props
	EndProjectSection
EndProject
Project("{2150E333-8FDC-42A3-9474-1A3956D46DE8}") = "Tools", "Tools", "{5AE97872-141A-4402-B299-3BA700D4F0E7}"
EndProject
Project("{9A19103F-16F7-4668-BE54-9A1E7A4F7556}") = "Example", "Source\Extensions\Zonit.Extensions\Example\Example\Example.csproj", "{AFB0603B-4841-4680-8CB9-153A22EF462D}"
EndProject
Project("{9A19103F-16F7-4668-BE54-9A1E7A4F7556}") = "ExampleWebsite", "Source\Extensions\Zonit.Extensions\Example\ExampleWebsite\ExampleWebsite.csproj", "{0F750DE1-CA8D-4E20-B769-206CA36A9877}"
EndProject
Project("{9A19103F-16F7-4668-BE54-9A1E7A4F7556}") = "Zonit.Extensions", "Source\Extensions\Zonit.Extensions\Source\Zonit.Extensions\Zonit.Extensions.csproj", "{606E31BD-A728-47DF-ADCE-DA574EBAD160}"
EndProject
Project("{9A19103F-16F7-4668-BE54-9A1E7A4F7556}") = "Zonit.Extensions.Abstractions", "Source\Extensions\Zonit.Extensions\Source\Zonit.Extensions.Abstractions\Zonit.Extensions.Abstractions.csproj", "{D1234592-7268-4EA8-9033-448350DFD3A6}"
EndProject
Project("{9A19103F-16F7-4668-BE54-9A1E7A4F7556}") = "Zonit.Extensions.Website", "Source\Extensions\Zonit.Extensions\Source\Zonit.Extensions.Website\Zonit.Extensions.Website.csproj", "{EE4D100B-B48C-4094-B313-663CC1976218}"
EndProject
Project("{9A19103F-16F7-4668-BE54-9A1E7A4F7556}") = "Zonit.Extensions.Website.Abstractions", "Source\Extensions\Zonit.Extensions\Source\Zonit.Extensions.Website.Abstractions\Zonit.Extensions.Website.Abstractions.csproj", "{A206ACCB-FCAE-46D1-B2B9-04DDA2B53FD2}"
EndProject
Project("{9A19103F-16F7-4668-BE54-9A1E7A4F7556}") = "Example", "Source\Extensions\Zonit.Extensions.Ai\Example\Example\Example.csproj", "{CEA7D904-DC72-4160-B558-561C84CF36CA}"
EndProject
Project("{9A19103F-16F7-4668-BE54-9A1E7A4F7556}") = "Zonit.Extensions.Ai", "Source\Extensions\Zonit.Extensions.Ai\Source\Zonit.Extensions.Ai\Zonit.Extensions.Ai.csproj", "{48FA8F36-B54A-4B2A-BA29-CEA9CCDF9CFC}"
EndProject
Project("{9A19103F-16F7-4668-BE54-9A1E7A4F7556}") = "Zonit.Extensions.Ai.Abstractions", "Source\Extensions\Zonit.Extensions.Ai\Source\Zonit.Extensions.Ai.Abstractions\Zonit.Extensions.Ai.Abstractions.csproj", "{70DD6F4B-D250-442D-AD52-9B6914D46857}"
EndProject
Project("{9A19103F-16F7-4668-BE54-9A1E7A4F7556}") = "Zonit.Extensions.Ai.Application", "Source\Extensions\Zonit.Extensions.Ai\Source\Zonit.Extensions.Ai.Application\Zonit.Extensions.Ai.Application.csproj", "{AD39B470-1D3E-4A0D-BE0B-DB1D17D98BF9}"
EndProject
Project("{9A19103F-16F7-4668-BE54-9A1E7A4F7556}") = "Zonit.Extensions.Ai.Domain", "Source\Extensions\Zonit.Extensions.Ai\Source\Zonit.Extensions.Ai.Domain\Zonit.Extensions.Ai.Domain.csproj", "{F677667A-3E01-423F-8541-06361B5FF782}"
EndProject
Project("{9A19103F-16F7-4668-BE54-9A1E7A4F7556}") = "Zonit.Extensions.Ai.Infrastructure", "Source\Extensions\Zonit.Extensions.Ai\Source\Zonit.Extensions.Ai.Infrastructure\Zonit.Extensions.Ai.Infrastructure.csproj", "{F3C52CF8-D7C9-436A-A49A-FF0746313BB5}"
EndProject
Project("{9A19103F-16F7-4668-BE54-9A1E7A4F7556}") = "Zonit.Extensions.Ai.Llm", "Source\Extensions\Zonit.Extensions.Ai\Source\Zonit.Extensions.Ai.Llm\Zonit.Extensions.Ai.Llm.csproj", "{C81750AB-C6AF-4A75-ABC1-8700A4C542EB}"
EndProject
Project("{9A19103F-16F7-4668-BE54-9A1E7A4F7556}") = "Zonit.Extensions.Ai.Prompts", "Source\Extensions\Zonit.Extensions.Ai\Source\Zonit.Extensions.Ai.Prompts\Zonit.Extensions.Ai.Prompts.csproj", "{4C43A0FC-3E69-40D9-90B9-D28446C0CA23}"
EndProject
Project("{9A19103F-16F7-4668-BE54-9A1E7A4F7556}") = "Zonit.Extensions.Cultures", "Source\Extensions\Zonit.Extensions.Cultures\Source\Zonit.Extensions.Cultures\Zonit.Extensions.Cultures.csproj", "{F2112162-A8AB-4B73-A7DD-1E4B20A57D24}"
EndProject
Project("{9A19103F-16F7-4668-BE54-9A1E7A4F7556}") = "Zonit.Extensions.Cultures.Abstractions", "Source\Extensions\Zonit.Extensions.Cultures\Source\Zonit.Extensions.Cultures.Abstractions\Zonit.Extensions.Cultures.Abstractions.csproj", "{707E5731-3122-4CB5-BD46-7AF5DF4EF44A}"
EndProject
Project("{9A19103F-16F7-4668-BE54-9A1E7A4F7556}") = "Zonit.Extensions.Cultures.Tests", "Source\Extensions\Zonit.Extensions.Cultures\Source\Zonit.Extensions.Cultures.Tests\Zonit.Extensions.Cultures.Tests.csproj", "{AA715B2A-002C-4010-B002-E3D6FB150280}"
EndProject
Project("{9A19103F-16F7-4668-BE54-9A1E7A4F7556}") = "Zonit.Extensions.Databases.Examples", "Source\Extensions\Zonit.Extensions.Databases\Example\Zonit.Extensions.Databases.Examples\Zonit.Extensions.Databases.Examples.csproj", "{4E579CC7-E16F-402D-82D1-70BE917E424D}"
EndProject
Project("{9A19103F-16F7-4668-BE54-9A1E7A4F7556}") = "Zonit.Extensions.Databases.Abstractions", "Source\Extensions\Zonit.Extensions.Databases\Source\Zonit.Extensions.Databases.Abstractions\Zonit.Extensions.Databases.Abstractions.csproj", "{23E5AF91-6C41-46EF-8375-3D1CAA9BBBE3}"
EndProject
Project("{9A19103F-16F7-4668-BE54-9A1E7A4F7556}") = "Zonit.Extensions.Databases.SqlServer", "Source\Extensions\Zonit.Extensions.Databases\Source\Zonit.Extensions.Databases.SqlServer\Zonit.Extensions.Databases.SqlServer.csproj", "{A61A9DD9-9EEC-4DE7-BA47-5FB5037842D8}"
EndProject
Project("{9A19103F-16F7-4668-BE54-9A1E7A4F7556}") = "Zonit.Extensions.Identity", "Source\Extensions\Zonit.Extensions.Identity\Source\Zonit.Extensions.Identity\Zonit.Extensions.Identity.csproj", "{E0FDB86A-3E3F-4009-BCD8-CD9314F4B457}"
EndProject
Project("{9A19103F-16F7-4668-BE54-9A1E7A4F7556}") = "Zonit.Extensions.Identity.Abstractions", "Source\Extensions\Zonit.Extensions.Identity\Source\Zonit.Extensions.Identity.Abstractions\Zonit.Extensions.Identity.Abstractions.csproj", "{C0C37947-A301-4513-BA88-627052CC0879}"
EndProject
Project("{9A19103F-16F7-4668-BE54-9A1E7A4F7556}") = "Zonit.Extensions.Organizations", "Source\Extensions\Zonit.Extensions.Organizations\Source\Zonit.Extensions.Organizations\Zonit.Extensions.Organizations.csproj", "{D9D64C75-0BB7-4F5C-9D3F-C5B133BBC9C7}"
EndProject
Project("{9A19103F-16F7-4668-BE54-9A1E7A4F7556}") = "Zonit.Extensions.Organizations.Abstractions", "Source\Extensions\Zonit.Extensions.Organizations\Source\Zonit.Extensions.Organizations.Abstractions\Zonit.Extensions.Organizations.Abstractions.csproj", "{D3447788-7875-4E1C-98CA-BE3961E262B1}"
EndProject
Project("{9A19103F-16F7-4668-BE54-9A1E7A4F7556}") = "Zonit.Extensions.Projects", "Source\Extensions\Zonit.Extensions.Projects\Source\Zonit.Extensions.Projects\Zonit.Extensions.Projects.csproj", "{837F3A3E-0AEF-4EEE-AB08-AE02CF682895}"
EndProject
Project("{9A19103F-16F7-4668-BE54-9A1E7A4F7556}") = "Zonit.Extensions.Projects.Abstractions", "Source\Extensions\Zonit.Extensions.Projects\Source\Zonit.Extensions.Projects.Abstractions\Zonit.Extensions.Projects.Abstractions.csproj", "{D2EE2EA3-E09B-4C1F-B847-8472BCD91D2B}"
EndProject
Project("{9A19103F-16F7-4668-BE54-9A1E7A4F7556}") = "Example", "Source\Extensions\Zonit.Extensions.Tenants\Example\Example\Example.csproj", "{288D680D-134D-443A-BD4B-9A81D9221DF6}"
EndProject
Project("{9A19103F-16F7-4668-BE54-9A1E7A4F7556}") = "Zonit.Extensions.Tenants", "Source\Extensions\Zonit.Extensions.Tenants\Source\Zonit.Extensions.Tenants\Zonit.Extensions.Tenants.csproj", "{61440403-06DA-4CEA-9325-016B846AC9A7}"
EndProject
Project("{9A19103F-16F7-4668-BE54-9A1E7A4F7556}") = "Zonit.Extensions.Tenants.Abstractions", "Source\Extensions\Zonit.Extensions.Tenants\Source\Zonit.Extensions.Tenants.Abstractions\Zonit.Extensions.Tenants.Abstractions.csproj", "{2B87B8BF-AC70-4237-8E60-258775438EA2}"
EndProject
Project("{9A19103F-16F7-4668-BE54-9A1E7A4F7556}") = "Zonit.Extensions.Tenants.SourceGenerators", "Source\Extensions\Zonit.Extensions.Tenants\Source\Zonit.Extensions.Tenants.SourceGenerators\Zonit.Extensions.Tenants.SourceGenerators.csproj", "{9378885E-6310-4A3D-9347-A66EFD5254B5}"
EndProject
Project("{9A19103F-16F7-4668-BE54-9A1E7A4F7556}") = "Zonit.Extensions.Tenants.Web", "Source\Extensions\Zonit.Extensions.Tenants\Source\Zonit.Extensions.Tenants.Web\Zonit.Extensions.Tenants.Web.csproj", "{F28AA132-258A-4A42-A7A4-D5495704290B}"
EndProject
Project("{9A19103F-16F7-4668-BE54-9A1E7A4F7556}") = "Zonit.Plugins.Articles.Abstractions", "Source\Plugins\Zonit.Plugins\Source\Zonit.Plugins.Articles.Abstractions\Zonit.Plugins.Articles.Abstractions.csproj", "{96EDD505-1D71-4F61-9B3E-23F35F6770DD}"
EndProject
Project("{9A19103F-16F7-4668-BE54-9A1E7A4F7556}") = "Zonit.Plugins.Wallets.Abstractions", "Source\Plugins\Zonit.Plugins\Source\Zonit.Plugins.Wallets.Abstractions\Zonit.Plugins.Wallets.Abstractions.csproj", "{6C288CF5-4297-4C90-8793-3AA2CFC4318A}"
EndProject
Project("{9A19103F-16F7-4668-BE54-9A1E7A4F7556}") = "Example", "Source\Services\Zonit.Services.Dashboard\Example\Example\Example.csproj", "{C31D6C26-A3D5-42B4-830D-9E2E40E0B0DC}"
EndProject
Project("{9A19103F-16F7-4668-BE54-9A1E7A4F7556}") = "Example.Presentation.Management", "Source\Services\Zonit.Services.Dashboard\Example\Example.Presentation.Management\Example.Presentation.Management.csproj", "{684249F4-6C87-4077-9650-61D9DAF439A7}"
EndProject
Project("{9A19103F-16F7-4668-BE54-9A1E7A4F7556}") = "Example.Presentation.Manager", "Source\Services\Zonit.Services.Dashboard\Example\Example.Presentation.Manager\Example.Presentation.Manager.csproj", "{85DC3C8E-E23C-4BA9-B018-0CF74BAFF6CA}"
EndProject
Project("{9A19103F-16F7-4668-BE54-9A1E7A4F7556}") = "Zonit.Services.Dashboard", "Source\Services\Zonit.Services.Dashboard\Source\Zonit.Services.Dashboard\Zonit.Services.Dashboard.csproj", "{359BAC64-E4F4-4851-BDD9-8273E297670F}"
EndProject
Project("{9A19103F-16F7-4668-BE54-9A1E7A4F7556}") = "Zonit.Services.Dashboard.Abstractions", "Source\Services\Zonit.Services.Dashboard\Source\Zonit.Services.Dashboard.Abstractions\Zonit.Services.Dashboard.Abstractions.csproj", "{B2AEF83B-DDD3-4572-9F13-EE147EBC3560}"
EndProject
Project("{9A19103F-16F7-4668-BE54-9A1E7A4F7556}") = "Zonit.Services.Dashboard.Application", "Source\Services\Zonit.Services.Dashboard\Source\Zonit.Services.Dashboard.Application\Zonit.Services.Dashboard.Application.csproj", "{4C9F5D5F-A10A-4141-8107-C25B8A18B309}"
EndProject
Project("{9A19103F-16F7-4668-BE54-9A1E7A4F7556}") = "Zonit.Services.Dashboard.Components", "Source\Services\Zonit.Services.Dashboard\Source\Zonit.Services.Dashboard.Components\Zonit.Services.Dashboard.Components.csproj", "{FE157A4E-19D1-44E1-9B90-29405D55585E}"
EndProject
Project("{9A19103F-16F7-4668-BE54-9A1E7A4F7556}") = "Example", "Source\Services\Zonit.Services.EventMessage\Example\Example\Example.csproj", "{A0C95C27-61AE-4A63-BA88-D3A2FD6556F5}"
EndProject
Project("{9A19103F-16F7-4668-BE54-9A1E7A4F7556}") = "Zonit.Services.EventMessage", "Source\Services\Zonit.Services.EventMessage\Source\Zonit.Services.EventMessage\Zonit.Services.EventMessage.csproj", "{2E6C931C-53C3-4D03-A9D6-CA2A5625D458}"
EndProject
Project("{9A19103F-16F7-4668-BE54-9A1E7A4F7556}") = "Zonit.Services.EventMessage.Abstractions", "Source\Services\Zonit.Services.EventMessage\Source\Zonit.Services.EventMessage.Abstractions\Zonit.Services.EventMessage.Abstractions.csproj", "{2577C228-AC8B-4201-B949-A47AFF299549}"
EndProject
Global
	GlobalSection(SolutionConfigurationPlatforms) = preSolution
		Debug|Any CPU = Debug|Any CPU
		Release|Any CPU = Release|Any CPU
	EndGlobalSection
	GlobalSection(ProjectConfigurationPlatforms) = postSolution
		{AFB0603B-4841-4680-8CB9-153A22EF462D}.Debug|Any CPU.ActiveCfg = Debug|Any CPU
		{AFB0603B-4841-4680-8CB9-153A22EF462D}.Debug|Any CPU.Build.0 = Debug|Any CPU
		{AFB0603B-4841-4680-8CB9-153A22EF462D}.Release|Any CPU.ActiveCfg = Release|Any CPU
		{AFB0603B-4841-4680-8CB9-153A22EF462D}.Release|Any CPU.Build.0 = Release|Any CPU
		{0F750DE1-CA8D-4E20-B769-206CA36A9877}.Debug|Any CPU.ActiveCfg = Debug|Any CPU
		{0F750DE1-CA8D-4E20-B769-206CA36A9877}.Debug|Any CPU.Build.0 = Debug|Any CPU
		{0F750DE1-CA8D-4E20-B769-206CA36A9877}.Release|Any CPU.ActiveCfg = Release|Any CPU
		{0F750DE1-CA8D-4E20-B769-206CA36A9877}.Release|Any CPU.Build.0 = Release|Any CPU
		{606E31BD-A728-47DF-ADCE-DA574EBAD160}.Debug|Any CPU.ActiveCfg = Debug|Any CPU
		{606E31BD-A728-47DF-ADCE-DA574EBAD160}.Debug|Any CPU.Build.0 = Debug|Any CPU
		{606E31BD-A728-47DF-ADCE-DA574EBAD160}.Release|Any CPU.ActiveCfg = Release|Any CPU
		{606E31BD-A728-47DF-ADCE-DA574EBAD160}.Release|Any CPU.Build.0 = Release|Any CPU
		{D1234592-7268-4EA8-9033-448350DFD3A6}.Debug|Any CPU.ActiveCfg = Debug|Any CPU
		{D1234592-7268-4EA8-9033-448350DFD3A6}.Debug|Any CPU.Build.0 = Debug|Any CPU
		{D1234592-7268-4EA8-9033-448350DFD3A6}.Release|Any CPU.ActiveCfg = Release|Any CPU
		{D1234592-7268-4EA8-9033-448350DFD3A6}.Release|Any CPU.Build.0 = Release|Any CPU
		{EE4D100B-B48C-4094-B313-663CC1976218}.Debug|Any CPU.ActiveCfg = Debug|Any CPU
		{EE4D100B-B48C-4094-B313-663CC1976218}.Debug|Any CPU.Build.0 = Debug|Any CPU
		{EE4D100B-B48C-4094-B313-663CC1976218}.Release|Any CPU.ActiveCfg = Release|Any CPU
		{EE4D100B-B48C-4094-B313-663CC1976218}.Release|Any CPU.Build.0 = Release|Any CPU
		{A206ACCB-FCAE-46D1-B2B9-04DDA2B53FD2}.Debug|Any CPU.ActiveCfg = Debug|Any CPU
		{A206ACCB-FCAE-46D1-B2B9-04DDA2B53FD2}.Debug|Any CPU.Build.0 = Debug|Any CPU
		{A206ACCB-FCAE-46D1-B2B9-04DDA2B53FD2}.Release|Any CPU.ActiveCfg = Release|Any CPU
		{A206ACCB-FCAE-46D1-B2B9-04DDA2B53FD2}.Release|Any CPU.Build.0 = Release|Any CPU
		{CEA7D904-DC72-4160-B558-561C84CF36CA}.Debug|Any CPU.ActiveCfg = Debug|Any CPU
		{CEA7D904-DC72-4160-B558-561C84CF36CA}.Debug|Any CPU.Build.0 = Debug|Any CPU
		{CEA7D904-DC72-4160-B558-561C84CF36CA}.Release|Any CPU.ActiveCfg = Release|Any CPU
		{CEA7D904-DC72-4160-B558-561C84CF36CA}.Release|Any CPU.Build.0 = Release|Any CPU
		{48FA8F36-B54A-4B2A-BA29-CEA9CCDF9CFC}.Debug|Any CPU.ActiveCfg = Debug|Any CPU
		{48FA8F36-B54A-4B2A-BA29-CEA9CCDF9CFC}.Debug|Any CPU.Build.0 = Debug|Any CPU
		{48FA8F36-B54A-4B2A-BA29-CEA9CCDF9CFC}.Release|Any CPU.ActiveCfg = Release|Any CPU
		{48FA8F36-B54A-4B2A-BA29-CEA9CCDF9CFC}.Release|Any CPU.Build.0 = Release|Any CPU
		{70DD6F4B-D250-442D-AD52-9B6914D46857}.Debug|Any CPU.ActiveCfg = Debug|Any CPU
		{70DD6F4B-D250-442D-AD52-9B6914D46857}.Debug|Any CPU.Build.0 = Debug|Any CPU
		{70DD6F4B-D250-442D-AD52-9B6914D46857}.Release|Any CPU.ActiveCfg = Release|Any CPU
		{70DD6F4B-D250-442D-AD52-9B6914D46857}.Release|Any CPU.Build.0 = Release|Any CPU
		{AD39B470-1D3E-4A0D-BE0B-DB1D17D98BF9}.Debug|Any CPU.ActiveCfg = Debug|Any CPU
		{AD39B470-1D3E-4A0D-BE0B-DB1D17D98BF9}.Debug|Any CPU.Build.0 = Debug|Any CPU
		{AD39B470-1D3E-4A0D-BE0B-DB1D17D98BF9}.Release|Any CPU.ActiveCfg = Release|Any CPU
		{AD39B470-1D3E-4A0D-BE0B-DB1D17D98BF9}.Release|Any CPU.Build.0 = Release|Any CPU
		{F677667A-3E01-423F-8541-06361B5FF782}.Debug|Any CPU.ActiveCfg = Debug|Any CPU
		{F677667A-3E01-423F-8541-06361B5FF782}.Debug|Any CPU.Build.0 = Debug|Any CPU
		{F677667A-3E01-423F-8541-06361B5FF782}.Release|Any CPU.ActiveCfg = Release|Any CPU
		{F677667A-3E01-423F-8541-06361B5FF782}.Release|Any CPU.Build.0 = Release|Any CPU
		{F3C52CF8-D7C9-436A-A49A-FF0746313BB5}.Debug|Any CPU.ActiveCfg = Debug|Any CPU
		{F3C52CF8-D7C9-436A-A49A-FF0746313BB5}.Debug|Any CPU.Build.0 = Debug|Any CPU
		{F3C52CF8-D7C9-436A-A49A-FF0746313BB5}.Release|Any CPU.ActiveCfg = Release|Any CPU
		{F3C52CF8-D7C9-436A-A49A-FF0746313BB5}.Release|Any CPU.Build.0 = Release|Any CPU
		{C81750AB-C6AF-4A75-ABC1-8700A4C542EB}.Debug|Any CPU.ActiveCfg = Debug|Any CPU
		{C81750AB-C6AF-4A75-ABC1-8700A4C542EB}.Debug|Any CPU.Build.0 = Debug|Any CPU
		{C81750AB-C6AF-4A75-ABC1-8700A4C542EB}.Release|Any CPU.ActiveCfg = Release|Any CPU
		{C81750AB-C6AF-4A75-ABC1-8700A4C542EB}.Release|Any CPU.Build.0 = Release|Any CPU
		{4C43A0FC-3E69-40D9-90B9-D28446C0CA23}.Debug|Any CPU.ActiveCfg = Debug|Any CPU
		{4C43A0FC-3E69-40D9-90B9-D28446C0CA23}.Debug|Any CPU.Build.0 = Debug|Any CPU
		{4C43A0FC-3E69-40D9-90B9-D28446C0CA23}.Release|Any CPU.ActiveCfg = Release|Any CPU
		{4C43A0FC-3E69-40D9-90B9-D28446C0CA23}.Release|Any CPU.Build.0 = Release|Any CPU
		{F2112162-A8AB-4B73-A7DD-1E4B20A57D24}.Debug|Any CPU.ActiveCfg = Debug|Any CPU
		{F2112162-A8AB-4B73-A7DD-1E4B20A57D24}.Debug|Any CPU.Build.0 = Debug|Any CPU
		{F2112162-A8AB-4B73-A7DD-1E4B20A57D24}.Release|Any CPU.ActiveCfg = Release|Any CPU
		{F2112162-A8AB-4B73-A7DD-1E4B20A57D24}.Release|Any CPU.Build.0 = Release|Any CPU
		{707E5731-3122-4CB5-BD46-7AF5DF4EF44A}.Debug|Any CPU.ActiveCfg = Debug|Any CPU
		{707E5731-3122-4CB5-BD46-7AF5DF4EF44A}.Debug|Any CPU.Build.0 = Debug|Any CPU
		{707E5731-3122-4CB5-BD46-7AF5DF4EF44A}.Release|Any CPU.ActiveCfg = Release|Any CPU
		{707E5731-3122-4CB5-BD46-7AF5DF4EF44A}.Release|Any CPU.Build.0 = Release|Any CPU
		{AA715B2A-002C-4010-B002-E3D6FB150280}.Debug|Any CPU.ActiveCfg = Debug|Any CPU
		{AA715B2A-002C-4010-B002-E3D6FB150280}.Debug|Any CPU.Build.0 = Debug|Any CPU
		{AA715B2A-002C-4010-B002-E3D6FB150280}.Release|Any CPU.ActiveCfg = Release|Any CPU
		{AA715B2A-002C-4010-B002-E3D6FB150280}.Release|Any CPU.Build.0 = Release|Any CPU
		{4E579CC7-E16F-402D-82D1-70BE917E424D}.Debug|Any CPU.ActiveCfg = Debug|Any CPU
		{4E579CC7-E16F-402D-82D1-70BE917E424D}.Debug|Any CPU.Build.0 = Debug|Any CPU
		{4E579CC7-E16F-402D-82D1-70BE917E424D}.Release|Any CPU.ActiveCfg = Release|Any CPU
		{4E579CC7-E16F-402D-82D1-70BE917E424D}.Release|Any CPU.Build.0 = Release|Any CPU
		{23E5AF91-6C41-46EF-8375-3D1CAA9BBBE3}.Debug|Any CPU.ActiveCfg = Debug|Any CPU
		{23E5AF91-6C41-46EF-8375-3D1CAA9BBBE3}.Debug|Any CPU.Build.0 = Debug|Any CPU
		{23E5AF91-6C41-46EF-8375-3D1CAA9BBBE3}.Release|Any CPU.ActiveCfg = Release|Any CPU
		{23E5AF91-6C41-46EF-8375-3D1CAA9BBBE3}.Release|Any CPU.Build.0 = Release|Any CPU
		{A61A9DD9-9EEC-4DE7-BA47-5FB5037842D8}.Debug|Any CPU.ActiveCfg = Debug|Any CPU
		{A61A9DD9-9EEC-4DE7-BA47-5FB5037842D8}.Debug|Any CPU.Build.0 = Debug|Any CPU
		{A61A9DD9-9EEC-4DE7-BA47-5FB5037842D8}.Release|Any CPU.ActiveCfg = Release|Any CPU
		{A61A9DD9-9EEC-4DE7-BA47-5FB5037842D8}.Release|Any CPU.Build.0 = Release|Any CPU
		{E0FDB86A-3E3F-4009-BCD8-CD9314F4B457}.Debug|Any CPU.ActiveCfg = Debug|Any CPU
		{E0FDB86A-3E3F-4009-BCD8-CD9314F4B457}.Debug|Any CPU.Build.0 = Debug|Any CPU
		{E0FDB86A-3E3F-4009-BCD8-CD9314F4B457}.Release|Any CPU.ActiveCfg = Release|Any CPU
		{E0FDB86A-3E3F-4009-BCD8-CD9314F4B457}.Release|Any CPU.Build.0 = Release|Any CPU
		{C0C37947-A301-4513-BA88-627052CC0879}.Debug|Any CPU.ActiveCfg = Debug|Any CPU
		{C0C37947-A301-4513-BA88-627052CC0879}.Debug|Any CPU.Build.0 = Debug|Any CPU
		{C0C37947-A301-4513-BA88-627052CC0879}.Release|Any CPU.ActiveCfg = Release|Any CPU
		{C0C37947-A301-4513-BA88-627052CC0879}.Release|Any CPU.Build.0 = Release|Any CPU
		{D9D64C75-0BB7-4F5C-9D3F-C5B133BBC9C7}.Debug|Any CPU.ActiveCfg = Debug|Any CPU
		{D9D64C75-0BB7-4F5C-9D3F-C5B133BBC9C7}.Debug|Any CPU.Build.0 = Debug|Any CPU
		{D9D64C75-0BB7-4F5C-9D3F-C5B133BBC9C7}.Release|Any CPU.ActiveCfg = Release|Any CPU
		{D9D64C75-0BB7-4F5C-9D3F-C5B133BBC9C7}.Release|Any CPU.Build.0 = Release|Any CPU
		{D3447788-7875-4E1C-98CA-BE3961E262B1}.Debug|Any CPU.ActiveCfg = Debug|Any CPU
		{D3447788-7875-4E1C-98CA-BE3961E262B1}.Debug|Any CPU.Build.0 = Debug|Any CPU
		{D3447788-7875-4E1C-98CA-BE3961E262B1}.Release|Any CPU.ActiveCfg = Release|Any CPU
		{D3447788-7875-4E1C-98CA-BE3961E262B1}.Release|Any CPU.Build.0 = Release|Any CPU
		{837F3A3E-0AEF-4EEE-AB08-AE02CF682895}.Debug|Any CPU.ActiveCfg = Debug|Any CPU
		{837F3A3E-0AEF-4EEE-AB08-AE02CF682895}.Debug|Any CPU.Build.0 = Debug|Any CPU
		{837F3A3E-0AEF-4EEE-AB08-AE02CF682895}.Release|Any CPU.ActiveCfg = Release|Any CPU
		{837F3A3E-0AEF-4EEE-AB08-AE02CF682895}.Release|Any CPU.Build.0 = Release|Any CPU
		{D2EE2EA3-E09B-4C1F-B847-8472BCD91D2B}.Debug|Any CPU.ActiveCfg = Debug|Any CPU
		{D2EE2EA3-E09B-4C1F-B847-8472BCD91D2B}.Debug|Any CPU.Build.0 = Debug|Any CPU
		{D2EE2EA3-E09B-4C1F-B847-8472BCD91D2B}.Release|Any CPU.ActiveCfg = Release|Any CPU
		{D2EE2EA3-E09B-4C1F-B847-8472BCD91D2B}.Release|Any CPU.Build.0 = Release|Any CPU
		{288D680D-134D-443A-BD4B-9A81D9221DF6}.Debug|Any CPU.ActiveCfg = Debug|Any CPU
		{288D680D-134D-443A-BD4B-9A81D9221DF6}.Debug|Any CPU.Build.0 = Debug|Any CPU
		{288D680D-134D-443A-BD4B-9A81D9221DF6}.Release|Any CPU.ActiveCfg = Release|Any CPU
		{288D680D-134D-443A-BD4B-9A81D9221DF6}.Release|Any CPU.Build.0 = Release|Any CPU
		{61440403-06DA-4CEA-9325-016B846AC9A7}.Debug|Any CPU.ActiveCfg = Debug|Any CPU
		{61440403-06DA-4CEA-9325-016B846AC9A7}.Debug|Any CPU.Build.0 = Debug|Any CPU
		{61440403-06DA-4CEA-9325-016B846AC9A7}.Release|Any CPU.ActiveCfg = Release|Any CPU
		{61440403-06DA-4CEA-9325-016B846AC9A7}.Release|Any CPU.Build.0 = Release|Any CPU
		{2B87B8BF-AC70-4237-8E60-258775438EA2}.Debug|Any CPU.ActiveCfg = Debug|Any CPU
		{2B87B8BF-AC70-4237-8E60-258775438EA2}.Debug|Any CPU.Build.0 = Debug|Any CPU
		{2B87B8BF-AC70-4237-8E60-258775438EA2}.Release|Any CPU.ActiveCfg = Release|Any CPU
		{2B87B8BF-AC70-4237-8E60-258775438EA2}.Release|Any CPU.Build.0 = Release|Any CPU
		{9378885E-6310-4A3D-9347-A66EFD5254B5}.Debug|Any CPU.ActiveCfg = Debug|Any CPU
		{9378885E-6310-4A3D-9347-A66EFD5254B5}.Debug|Any CPU.Build.0 = Debug|Any CPU
		{9378885E-6310-4A3D-9347-A66EFD5254B5}.Release|Any CPU.ActiveCfg = Release|Any CPU
		{9378885E-6310-4A3D-9347-A66EFD5254B5}.Release|Any CPU.Build.0 = Release|Any CPU
		{F28AA132-258A-4A42-A7A4-D5495704290B}.Debug|Any CPU.ActiveCfg = Debug|Any CPU
		{F28AA132-258A-4A42-A7A4-D5495704290B}.Debug|Any CPU.Build.0 = Debug|Any CPU
		{F28AA132-258A-4A42-A7A4-D5495704290B}.Release|Any CPU.ActiveCfg = Release|Any CPU
		{F28AA132-258A-4A42-A7A4-D5495704290B}.Release|Any CPU.Build.0 = Release|Any CPU
		{96EDD505-1D71-4F61-9B3E-23F35F6770DD}.Debug|Any CPU.ActiveCfg = Debug|Any CPU
		{96EDD505-1D71-4F61-9B3E-23F35F6770DD}.Debug|Any CPU.Build.0 = Debug|Any CPU
		{96EDD505-1D71-4F61-9B3E-23F35F6770DD}.Release|Any CPU.ActiveCfg = Release|Any CPU
		{96EDD505-1D71-4F61-9B3E-23F35F6770DD}.Release|Any CPU.Build.0 = Release|Any CPU
		{6C288CF5-4297-4C90-8793-3AA2CFC4318A}.Debug|Any CPU.ActiveCfg = Debug|Any CPU
		{6C288CF5-4297-4C90-8793-3AA2CFC4318A}.Debug|Any CPU.Build.0 = Debug|Any CPU
		{6C288CF5-4297-4C90-8793-3AA2CFC4318A}.Release|Any CPU.ActiveCfg = Release|Any CPU
		{6C288CF5-4297-4C90-8793-3AA2CFC4318A}.Release|Any CPU.Build.0 = Release|Any CPU
		{C31D6C26-A3D5-42B4-830D-9E2E40E0B0DC}.Debug|Any CPU.ActiveCfg = Debug|Any CPU
		{C31D6C26-A3D5-42B4-830D-9E2E40E0B0DC}.Debug|Any CPU.Build.0 = Debug|Any CPU
		{C31D6C26-A3D5-42B4-830D-9E2E40E0B0DC}.Release|Any CPU.ActiveCfg = Release|Any CPU
		{C31D6C26-A3D5-42B4-830D-9E2E40E0B0DC}.Release|Any CPU.Build.0 = Release|Any CPU
		{684249F4-6C87-4077-9650-61D9DAF439A7}.Debug|Any CPU.ActiveCfg = Debug|Any CPU
		{684249F4-6C87-4077-9650-61D9DAF439A7}.Debug|Any CPU.Build.0 = Debug|Any CPU
		{684249F4-6C87-4077-9650-61D9DAF439A7}.Release|Any CPU.ActiveCfg = Release|Any CPU
		{684249F4-6C87-4077-9650-61D9DAF439A7}.Release|Any CPU.Build.0 = Release|Any CPU
		{85DC3C8E-E23C-4BA9-B018-0CF74BAFF6CA}.Debug|Any CPU.ActiveCfg = Debug|Any CPU
		{85DC3C8E-E23C-4BA9-B018-0CF74BAFF6CA}.Debug|Any CPU.Build.0 = Debug|Any CPU
		{85DC3C8E-E23C-4BA9-B018-0CF74BAFF6CA}.Release|Any CPU.ActiveCfg = Release|Any CPU
		{85DC3C8E-E23C-4BA9-B018-0CF74BAFF6CA}.Release|Any CPU.Build.0 = Release|Any CPU
		{359BAC64-E4F4-4851-BDD9-8273E297670F}.Debug|Any CPU.ActiveCfg = Debug|Any CPU
		{359BAC64-E4F4-4851-BDD9-8273E297670F}.Debug|Any CPU.Build.0 = Debug|Any CPU
		{359BAC64-E4F4-4851-BDD9-8273E297670F}.Release|Any CPU.ActiveCfg = Release|Any CPU
		{359BAC64-E4F4-4851-BDD9-8273E297670F}.Release|Any CPU.Build.0 = Release|Any CPU
		{B2AEF83B-DDD3-4572-9F13-EE147EBC3560}.Debug|Any CPU.ActiveCfg = Debug|Any CPU
		{B2AEF83B-DDD3-4572-9F13-EE147EBC3560}.Debug|Any CPU.Build.0 = Debug|Any CPU
		{B2AEF83B-DDD3-4572-9F13-EE147EBC3560}.Release|Any CPU.ActiveCfg = Release|Any CPU
		{B2AEF83B-DDD3-4572-9F13-EE147EBC3560}.Release|Any CPU.Build.0 = Release|Any CPU
		{4C9F5D5F-A10A-4141-8107-C25B8A18B309}.Debug|Any CPU.ActiveCfg = Debug|Any CPU
		{4C9F5D5F-A10A-4141-8107-C25B8A18B309}.Debug|Any CPU.Build.0 = Debug|Any CPU
		{4C9F5D5F-A10A-4141-8107-C25B8A18B309}.Release|Any CPU.ActiveCfg = Release|Any CPU
		{4C9F5D5F-A10A-4141-8107-C25B8A18B309}.Release|Any CPU.Build.0 = Release|Any CPU
		{FE157A4E-19D1-44E1-9B90-29405D55585E}.Debug|Any CPU.ActiveCfg = Debug|Any CPU
		{FE157A4E-19D1-44E1-9B90-29405D55585E}.Debug|Any CPU.Build.0 = Debug|Any CPU
		{FE157A4E-19D1-44E1-9B90-29405D55585E}.Release|Any CPU.ActiveCfg = Release|Any CPU
		{FE157A4E-19D1-44E1-9B90-29405D55585E}.Release|Any CPU.Build.0 = Release|Any CPU
		{A0C95C27-61AE-4A63-BA88-D3A2FD6556F5}.Debug|Any CPU.ActiveCfg = Debug|Any CPU
		{A0C95C27-61AE-4A63-BA88-D3A2FD6556F5}.Debug|Any CPU.Build.0 = Debug|Any CPU
		{A0C95C27-61AE-4A63-BA88-D3A2FD6556F5}.Release|Any CPU.ActiveCfg = Release|Any CPU
		{A0C95C27-61AE-4A63-BA88-D3A2FD6556F5}.Release|Any CPU.Build.0 = Release|Any CPU
		{2E6C931C-53C3-4D03-A9D6-CA2A5625D458}.Debug|Any CPU.ActiveCfg = Debug|Any CPU
		{2E6C931C-53C3-4D03-A9D6-CA2A5625D458}.Debug|Any CPU.Build.0 = Debug|Any CPU
		{2E6C931C-53C3-4D03-A9D6-CA2A5625D458}.Release|Any CPU.ActiveCfg = Release|Any CPU
		{2E6C931C-53C3-4D03-A9D6-CA2A5625D458}.Release|Any CPU.Build.0 = Release|Any CPU
		{2577C228-AC8B-4201-B949-A47AFF299549}.Debug|Any CPU.ActiveCfg = Debug|Any CPU
		{2577C228-AC8B-4201-B949-A47AFF299549}.Debug|Any CPU.Build.0 = Debug|Any CPU
		{2577C228-AC8B-4201-B949-A47AFF299549}.Release|Any CPU.ActiveCfg = Release|Any CPU
		{2577C228-AC8B-4201-B949-A47AFF299549}.Release|Any CPU.Build.0 = Release|Any CPU
	EndGlobalSection
	GlobalSection(NestedProjects) = preSolution
		{B011882E-6603-4929-B8A0-70E86E68B17D} = {1A026ED6-59F7-4297-AE5C-A3439FE88D0D}
		{1A5CCA23-948E-41F3-83A1-62727029C915} = {B011882E-6603-4929-B8A0-70E86E68B17D}
		{DE42C320-ED82-4863-BC67-546B9C82AA55} = {B011882E-6603-4929-B8A0-70E86E68B17D}
		{BF56E844-2959-41BB-817B-6BF563CD7BFA} = {B011882E-6603-4929-B8A0-70E86E68B17D}
		{AFB0603B-4841-4680-8CB9-153A22EF462D} = {1A5CCA23-948E-41F3-83A1-62727029C915}
		{0F750DE1-CA8D-4E20-B769-206CA36A9877} = {1A5CCA23-948E-41F3-83A1-62727029C915}
		{606E31BD-A728-47DF-ADCE-DA574EBAD160} = {DE42C320-ED82-4863-BC67-546B9C82AA55}
		{D1234592-7268-4EA8-9033-448350DFD3A6} = {DE42C320-ED82-4863-BC67-546B9C82AA55}
		{EE4D100B-B48C-4094-B313-663CC1976218} = {DE42C320-ED82-4863-BC67-546B9C82AA55}
		{A206ACCB-FCAE-46D1-B2B9-04DDA2B53FD2} = {DE42C320-ED82-4863-BC67-546B9C82AA55}
		{5016AC64-134C-4B58-B249-62CAE76E75A0} = {1A026ED6-59F7-4297-AE5C-A3439FE88D0D}
		{53CB6271-C4D7-4950-B8D3-56102F7DFD56} = {5016AC64-134C-4B58-B249-62CAE76E75A0}
		{34E9A270-9A0F-4B46-8EC5-8EFF5B779EE1} = {5016AC64-134C-4B58-B249-62CAE76E75A0}
		{D1A280F9-6B03-4899-8857-9321487E7B9C} = {5016AC64-134C-4B58-B249-62CAE76E75A0}
		{CEA7D904-DC72-4160-B558-561C84CF36CA} = {53CB6271-C4D7-4950-B8D3-56102F7DFD56}
		{48FA8F36-B54A-4B2A-BA29-CEA9CCDF9CFC} = {34E9A270-9A0F-4B46-8EC5-8EFF5B779EE1}
		{70DD6F4B-D250-442D-AD52-9B6914D46857} = {34E9A270-9A0F-4B46-8EC5-8EFF5B779EE1}
		{AD39B470-1D3E-4A0D-BE0B-DB1D17D98BF9} = {34E9A270-9A0F-4B46-8EC5-8EFF5B779EE1}
		{F677667A-3E01-423F-8541-06361B5FF782} = {34E9A270-9A0F-4B46-8EC5-8EFF5B779EE1}
		{F3C52CF8-D7C9-436A-A49A-FF0746313BB5} = {34E9A270-9A0F-4B46-8EC5-8EFF5B779EE1}
		{C81750AB-C6AF-4A75-ABC1-8700A4C542EB} = {34E9A270-9A0F-4B46-8EC5-8EFF5B779EE1}
		{4C43A0FC-3E69-40D9-90B9-D28446C0CA23} = {34E9A270-9A0F-4B46-8EC5-8EFF5B779EE1}
		{09331D18-1D75-4DCF-B0C0-911F9FDDA6DC} = {1A026ED6-59F7-4297-AE5C-A3439FE88D0D}
		{97B3429B-1E60-4FFD-AA18-284B7A445077} = {09331D18-1D75-4DCF-B0C0-911F9FDDA6DC}
		{7F5BC6DC-1F1B-44F2-8747-0526B6EE6DB6} = {09331D18-1D75-4DCF-B0C0-911F9FDDA6DC}
		{F2112162-A8AB-4B73-A7DD-1E4B20A57D24} = {97B3429B-1E60-4FFD-AA18-284B7A445077}
		{707E5731-3122-4CB5-BD46-7AF5DF4EF44A} = {97B3429B-1E60-4FFD-AA18-284B7A445077}
		{AA715B2A-002C-4010-B002-E3D6FB150280} = {97B3429B-1E60-4FFD-AA18-284B7A445077}
		{0EC399E3-A157-454A-8AEB-17BA41EA6EFB} = {1A026ED6-59F7-4297-AE5C-A3439FE88D0D}
		{565A1ACB-7BBB-4257-9B71-06CE26EFC70C} = {0EC399E3-A157-454A-8AEB-17BA41EA6EFB}
		{A5771C9E-6131-4525-8DCB-AAF072E653A5} = {0EC399E3-A157-454A-8AEB-17BA41EA6EFB}
		{4E579CC7-E16F-402D-82D1-70BE917E424D} = {565A1ACB-7BBB-4257-9B71-06CE26EFC70C}
		{23E5AF91-6C41-46EF-8375-3D1CAA9BBBE3} = {A5771C9E-6131-4525-8DCB-AAF072E653A5}
		{A61A9DD9-9EEC-4DE7-BA47-5FB5037842D8} = {A5771C9E-6131-4525-8DCB-AAF072E653A5}
		{F0A70E5B-E394-4877-BB3E-20E47A3FD16B} = {1A026ED6-59F7-4297-AE5C-A3439FE88D0D}
		{621CB244-AA88-4E0F-BB24-845B374CDFA6} = {F0A70E5B-E394-4877-BB3E-20E47A3FD16B}
		{4948D601-A600-46C6-89DA-760120E13740} = {F0A70E5B-E394-4877-BB3E-20E47A3FD16B}
		{E0FDB86A-3E3F-4009-BCD8-CD9314F4B457} = {621CB244-AA88-4E0F-BB24-845B374CDFA6}
		{C0C37947-A301-4513-BA88-627052CC0879} = {621CB244-AA88-4E0F-BB24-845B374CDFA6}
		{A6ACDB08-3E1E-4923-BC13-01C02131972B} = {1A026ED6-59F7-4297-AE5C-A3439FE88D0D}
		{0C2E080A-5B17-4800-991D-CCA779F26BC9} = {A6ACDB08-3E1E-4923-BC13-01C02131972B}
		{863AB565-C83F-4913-AB26-CC03BFBA3AFB} = {A6ACDB08-3E1E-4923-BC13-01C02131972B}
		{D9D64C75-0BB7-4F5C-9D3F-C5B133BBC9C7} = {0C2E080A-5B17-4800-991D-CCA779F26BC9}
		{D3447788-7875-4E1C-98CA-BE3961E262B1} = {0C2E080A-5B17-4800-991D-CCA779F26BC9}
		{024CB391-710F-4930-B293-6B5470B3FD88} = {1A026ED6-59F7-4297-AE5C-A3439FE88D0D}
		{455C8A11-B7C7-4B90-906B-7069C87E50E7} = {024CB391-710F-4930-B293-6B5470B3FD88}
		{AC894D08-4959-454E-8AAA-E672FDC1A7E2} = {024CB391-710F-4930-B293-6B5470B3FD88}
		{837F3A3E-0AEF-4EEE-AB08-AE02CF682895} = {455C8A11-B7C7-4B90-906B-7069C87E50E7}
		{D2EE2EA3-E09B-4C1F-B847-8472BCD91D2B} = {455C8A11-B7C7-4B90-906B-7069C87E50E7}
		{8863BA87-A776-487B-BBD0-1951D0B80C21} = {1A026ED6-59F7-4297-AE5C-A3439FE88D0D}
		{8522AF30-ACFC-4F5A-8735-265CAD8455D6} = {8863BA87-A776-487B-BBD0-1951D0B80C21}
		{8BBD4FD8-75EC-44FE-BE3D-858C5104A3A2} = {8863BA87-A776-487B-BBD0-1951D0B80C21}
		{882F08F0-DACF-4749-8D86-660CC32C8B83} = {8863BA87-A776-487B-BBD0-1951D0B80C21}
		{288D680D-134D-443A-BD4B-9A81D9221DF6} = {8522AF30-ACFC-4F5A-8735-265CAD8455D6}
		{61440403-06DA-4CEA-9325-016B846AC9A7} = {8BBD4FD8-75EC-44FE-BE3D-858C5104A3A2}
		{2B87B8BF-AC70-4237-8E60-258775438EA2} = {8BBD4FD8-75EC-44FE-BE3D-858C5104A3A2}
		{9378885E-6310-4A3D-9347-A66EFD5254B5} = {8BBD4FD8-75EC-44FE-BE3D-858C5104A3A2}
		{F28AA132-258A-4A42-A7A4-D5495704290B} = {8BBD4FD8-75EC-44FE-BE3D-858C5104A3A2}
		{7FEEA9E7-C06A-40F5-86E3-02C1F62D6B54} = {0CB78D52-C77E-4D6B-9063-18B1EF52EA50}
		{E44B0AFC-615A-4C05-AC91-DC794B138D3A} = {7FEEA9E7-C06A-40F5-86E3-02C1F62D6B54}
		{A13452EB-106C-4B68-9F53-3B1380DAACE0} = {7FEEA9E7-C06A-40F5-86E3-02C1F62D6B54}
		{96EDD505-1D71-4F61-9B3E-23F35F6770DD} = {E44B0AFC-615A-4C05-AC91-DC794B138D3A}
		{6C288CF5-4297-4C90-8793-3AA2CFC4318A} = {E44B0AFC-615A-4C05-AC91-DC794B138D3A}
		{E3616E2C-B5C9-4435-B50B-E15707D19198} = {91A27E12-9845-4DD4-AB34-6FA3531E2734}
		{25ADA7E3-6861-4793-AEE1-22D10F31A1A3} = {E3616E2C-B5C9-4435-B50B-E15707D19198}
		{2E5652EE-FC9D-4A1B-88D7-7823B318AAF7} = {E3616E2C-B5C9-4435-B50B-E15707D19198}
		{D2FBF4E7-159F-407E-B61E-19336356C7F4} = {E3616E2C-B5C9-4435-B50B-E15707D19198}
		{C31D6C26-A3D5-42B4-830D-9E2E40E0B0DC} = {25ADA7E3-6861-4793-AEE1-22D10F31A1A3}
		{684249F4-6C87-4077-9650-61D9DAF439A7} = {25ADA7E3-6861-4793-AEE1-22D10F31A1A3}
		{85DC3C8E-E23C-4BA9-B018-0CF74BAFF6CA} = {25ADA7E3-6861-4793-AEE1-22D10F31A1A3}
		{359BAC64-E4F4-4851-BDD9-8273E297670F} = {2E5652EE-FC9D-4A1B-88D7-7823B318AAF7}
		{B2AEF83B-DDD3-4572-9F13-EE147EBC3560} = {2E5652EE-FC9D-4A1B-88D7-7823B318AAF7}
		{4C9F5D5F-A10A-4141-8107-C25B8A18B309} = {2E5652EE-FC9D-4A1B-88D7-7823B318AAF7}
		{FE157A4E-19D1-44E1-9B90-29405D55585E} = {2E5652EE-FC9D-4A1B-88D7-7823B318AAF7}
		{F7FB306B-E986-47B0-A47E-9F021E0C74AD} = {91A27E12-9845-4DD4-AB34-6FA3531E2734}
		{BAD43F10-350F-4A63-974B-6B1D01B82623} = {F7FB306B-E986-47B0-A47E-9F021E0C74AD}
		{9A819970-C0A0-478F-BB1A-0714AF80E2D8} = {F7FB306B-E986-47B0-A47E-9F021E0C74AD}
		{5AE97872-141A-4402-B299-3BA700D4F0E7} = {F7FB306B-E986-47B0-A47E-9F021E0C74AD}
		{A0C95C27-61AE-4A63-BA88-D3A2FD6556F5} = {BAD43F10-350F-4A63-974B-6B1D01B82623}
		{2E6C931C-53C3-4D03-A9D6-CA2A5625D458} = {9A819970-C0A0-478F-BB1A-0714AF80E2D8}
		{2577C228-AC8B-4201-B949-A47AFF299549} = {9A819970-C0A0-478F-BB1A-0714AF80E2D8}
	EndGlobalSection
	GlobalSection(SolutionProperties) = preSolution
		HideSolutionNode = FALSE
	EndGlobalSection
EndGlobal
